
Microsoft Visual Studio Solution File, Format Version 12.00
# Visual Studio Version 16
VisualStudioVersion = 16.0.31829.152
MinimumVisualStudioVersion = 10.0.40219.1
Project("{FAE04EC0-301F-11D3-BF4B-00C04F79EFBC}") = "Processes", "Processes\Processes.csproj", "{1BDF5215-4999-46E0-BC68-E2EAA3D677CB}"
EndProject
Global
	GlobalSection(SolutionConfigurationPlatforms) = preSolution
		Debug|Any CPU = Debug|Any CPU
		Release|Any CPU = Release|Any CPU
	EndGlobalSection
	GlobalSection(ProjectConfigurationPlatforms) = postSolution
		{1BDF5215-4999-46E0-BC68-E2EAA3D677CB}.Debug|Any CPU.ActiveCfg = Debug|Any CPU
		{1BDF5215-4999-46E0-BC68-E2EAA3D677CB}.Debug|Any CPU.Build.0 = Debug|Any CPU
		{1BDF5215-4999-46E0-BC68-E2EAA3D677CB}.Release|Any CPU.ActiveCfg = Release|Any CPU
		{1BDF5215-4999-46E0-BC68-E2EAA3D677CB}.Release|Any CPU.Build.0 = Release|Any CPU
	EndGlobalSection
	GlobalSection(SolutionProperties) = preSolution
		HideSolutionNode = FALSE
	EndGlobalSection
	GlobalSection(ExtensibilityGlobals) = postSolution
		SolutionGuid = {67D5294B-0706-444C-AC29-F0C781077498}
	EndGlobalSection
EndGlobal
